
Microsoft Visual Studio Solution File, Format Version 12.00
# Visual Studio Version 17
VisualStudioVersion = 17.0.31903.59
MinimumVisualStudioVersion = 10.0.40219.1
Project("{FAE04EC0-301F-11D3-BF4B-00C04F79EFBC}") = "EMP_Promethee_Standard", "EMP_Promethee_Standard\EMP_Promethee_Standard.csproj", "{D54C4329-5B58-57A3-8533-299DCDD0AEA7}"
EndProject
Global
	GlobalSection(SolutionConfigurationPlatforms) = preSolution
		Debug|Any CPU = Debug|Any CPU
		Release|Any CPU = Release|Any CPU
	EndGlobalSection
	GlobalSection(ProjectConfigurationPlatforms) = postSolution
		{D54C4329-5B58-57A3-8533-299DCDD0AEA7}.Debug|Any CPU.ActiveCfg = Debug|Any CPU
		{D54C4329-5B58-57A3-8533-299DCDD0AEA7}.Debug|Any CPU.Build.0 = Debug|Any CPU
		{D54C4329-5B58-57A3-8533-299DCDD0AEA7}.Release|Any CPU.ActiveCfg = Release|Any CPU
		{D54C4329-5B58-57A3-8533-299DCDD0AEA7}.Release|Any CPU.Build.0 = Release|Any CPU
	EndGlobalSection
	GlobalSection(SolutionProperties) = preSolution
		HideSolutionNode = FALSE
	EndGlobalSection
	GlobalSection(ExtensibilityGlobals) = postSolution
		SolutionGuid = {D817FE33-0FDA-51C9-968D-6212CF3B6BAA}
	EndGlobalSection
EndGlobal
